
Microsoft Visual Studio Solution File, Format Version 12.00
# Visual Studio Version 16
VisualStudioVersion = 16.0.31313.79
MinimumVisualStudioVersion = 10.0.40219.1
Project("{FAE04EC0-301F-11D3-BF4B-00C04F79EFBC}") = "StanzApi", "StanzApi\StanzApi.csproj", "{B1845224-46BE-42FD-B43B-DB1DB8F95E27}"
EndProject
Project("{FAE04EC0-301F-11D3-BF4B-00C04F79EFBC}") = "Stanz.Standard.Models", "Stanz.Standard.Models\Stanz.Standard.Models.csproj", "{99A5AA92-5757-442F-B84B-710F9F22698D}"
EndProject
Project("{FAE04EC0-301F-11D3-BF4B-00C04F79EFBC}") = "Stanz.Processing.ExternalAPI", "Stanz.Processing.ExternalAPI\Stanz.Processing.ExternalAPI.csproj", "{D772FE91-46B4-496A-A25A-1886851A3F6C}"
EndProject
Project("{FAE04EC0-301F-11D3-BF4B-00C04F79EFBC}") = "Stanz.Processing.Business", "Stanz.Processing.Business\Stanz.Processing.Business.csproj", "{283C188F-DBAA-49B5-B59A-BF946ED20FA2}"
EndProject
Project("{FAE04EC0-301F-11D3-BF4B-00C04F79EFBC}") = "Stanz.Database.Repository", "Stanz.Database.Repository\Stanz.Database.Repository.csproj", "{E00FBC59-8477-40F9-B902-A8DEC121B629}"
EndProject
Global
	GlobalSection(SolutionConfigurationPlatforms) = preSolution
		Debug|Any CPU = Debug|Any CPU
		Release|Any CPU = Release|Any CPU
	EndGlobalSection
	GlobalSection(ProjectConfigurationPlatforms) = postSolution
		{B1845224-46BE-42FD-B43B-DB1DB8F95E27}.Debug|Any CPU.ActiveCfg = Debug|Any CPU
		{B1845224-46BE-42FD-B43B-DB1DB8F95E27}.Debug|Any CPU.Build.0 = Debug|Any CPU
		{B1845224-46BE-42FD-B43B-DB1DB8F95E27}.Release|Any CPU.ActiveCfg = Release|Any CPU
		{B1845224-46BE-42FD-B43B-DB1DB8F95E27}.Release|Any CPU.Build.0 = Release|Any CPU
		{99A5AA92-5757-442F-B84B-710F9F22698D}.Debug|Any CPU.ActiveCfg = Debug|Any CPU
		{99A5AA92-5757-442F-B84B-710F9F22698D}.Debug|Any CPU.Build.0 = Debug|Any CPU
		{99A5AA92-5757-442F-B84B-710F9F22698D}.Release|Any CPU.ActiveCfg = Release|Any CPU
		{99A5AA92-5757-442F-B84B-710F9F22698D}.Release|Any CPU.Build.0 = Release|Any CPU
		{D772FE91-46B4-496A-A25A-1886851A3F6C}.Debug|Any CPU.ActiveCfg = Debug|Any CPU
		{D772FE91-46B4-496A-A25A-1886851A3F6C}.Debug|Any CPU.Build.0 = Debug|Any CPU
		{D772FE91-46B4-496A-A25A-1886851A3F6C}.Release|Any CPU.ActiveCfg = Release|Any CPU
		{D772FE91-46B4-496A-A25A-1886851A3F6C}.Release|Any CPU.Build.0 = Release|Any CPU
		{283C188F-DBAA-49B5-B59A-BF946ED20FA2}.Debug|Any CPU.ActiveCfg = Debug|Any CPU
		{283C188F-DBAA-49B5-B59A-BF946ED20FA2}.Debug|Any CPU.Build.0 = Debug|Any CPU
		{283C188F-DBAA-49B5-B59A-BF946ED20FA2}.Release|Any CPU.ActiveCfg = Release|Any CPU
		{283C188F-DBAA-49B5-B59A-BF946ED20FA2}.Release|Any CPU.Build.0 = Release|Any CPU
		{E00FBC59-8477-40F9-B902-A8DEC121B629}.Debug|Any CPU.ActiveCfg = Debug|Any CPU
		{E00FBC59-8477-40F9-B902-A8DEC121B629}.Debug|Any CPU.Build.0 = Debug|Any CPU
		{E00FBC59-8477-40F9-B902-A8DEC121B629}.Release|Any CPU.ActiveCfg = Release|Any CPU
		{E00FBC59-8477-40F9-B902-A8DEC121B629}.Release|Any CPU.Build.0 = Release|Any CPU
	EndGlobalSection
	GlobalSection(SolutionProperties) = preSolution
		HideSolutionNode = FALSE
	EndGlobalSection
	GlobalSection(ExtensibilityGlobals) = postSolution
		SolutionGuid = {E90FC458-B752-4134-899E-83B3ECCADECC}
	EndGlobalSection
EndGlobal
